
Microsoft Visual Studio Solution File, Format Version 12.00
# Visual Studio 2013
VisualStudioVersion = 12.0.31101.0
MinimumVisualStudioVersion = 10.0.40219.1
Project("{8BC9CEB8-8B4A-11D0-8D11-00A0C91BC942}") = "libdeb", "projects\libdeb\libdeb.vcxproj", "{F47D66FF-21C4-44D5-B0C0-6AABD00344D6}"
EndProject
Project("{8BC9CEB8-8B4A-11D0-8D11-00A0C91BC942}") = "libdpkg", "projects\libdpkg\libdpkg.vcxproj", "{A0BC1241-CC4D-450B-B717-2ABFC6586E56}"
EndProject
Project("{8BC9CEB8-8B4A-11D0-8D11-00A0C91BC942}") = "dpkg", "projects\dpkg\dpkg.vcxproj", "{1797E550-141B-4F9D-B1D5-B68BC014B789}"
EndProject
Project("{8BC9CEB8-8B4A-11D0-8D11-00A0C91BC942}") = "googletest", "projects\googletest\googletest.vcxproj", "{92E18812-AED2-4879-AECD-0EAE162A76B7}"
EndProject
Project("{8BC9CEB8-8B4A-11D0-8D11-00A0C91BC942}") = "libdeb-test", "projects\libdeb-test\libdeb-test.vcxproj", "{BE62ABEE-53D3-43C0-AFE5-69A4287E37E6}"
EndProject
Project("{8BC9CEB8-8B4A-11D0-8D11-00A0C91BC942}") = "libarchive", "projects\libarchive\libarchive.vcxproj", "{64E0572A-CD2B-4F02-9396-7FC92F16210D}"
EndProject
Project("{8BC9CEB8-8B4A-11D0-8D11-00A0C91BC942}") = "zlib", "projects\zlib\zlib.vcxproj", "{961D11F5-10BB-402B-9915-250D2EFD7EAD}"
EndProject
Project("{8BC9CEB8-8B4A-11D0-8D11-00A0C91BC942}") = "liblzma", "projects\liblzma\liblzma.vcxproj", "{4CAAC73F-9698-4213-B46E-D3ABF3C32DC3}"
EndProject
Global
	GlobalSection(SolutionConfigurationPlatforms) = preSolution
		Debug|Win32 = Debug|Win32
		Release|Win32 = Release|Win32
	EndGlobalSection
	GlobalSection(ProjectConfigurationPlatforms) = postSolution
		{F47D66FF-21C4-44D5-B0C0-6AABD00344D6}.Debug|Win32.ActiveCfg = Debug|Win32
		{F47D66FF-21C4-44D5-B0C0-6AABD00344D6}.Debug|Win32.Build.0 = Debug|Win32
		{F47D66FF-21C4-44D5-B0C0-6AABD00344D6}.Release|Win32.ActiveCfg = Release|Win32
		{F47D66FF-21C4-44D5-B0C0-6AABD00344D6}.Release|Win32.Build.0 = Release|Win32
		{A0BC1241-CC4D-450B-B717-2ABFC6586E56}.Debug|Win32.ActiveCfg = Debug|Win32
		{A0BC1241-CC4D-450B-B717-2ABFC6586E56}.Debug|Win32.Build.0 = Debug|Win32
		{A0BC1241-CC4D-450B-B717-2ABFC6586E56}.Release|Win32.ActiveCfg = Release|Win32
		{A0BC1241-CC4D-450B-B717-2ABFC6586E56}.Release|Win32.Build.0 = Release|Win32
		{1797E550-141B-4F9D-B1D5-B68BC014B789}.Debug|Win32.ActiveCfg = Debug|Win32
		{1797E550-141B-4F9D-B1D5-B68BC014B789}.Debug|Win32.Build.0 = Debug|Win32
		{1797E550-141B-4F9D-B1D5-B68BC014B789}.Release|Win32.ActiveCfg = Release|Win32
		{1797E550-141B-4F9D-B1D5-B68BC014B789}.Release|Win32.Build.0 = Release|Win32
		{92E18812-AED2-4879-AECD-0EAE162A76B7}.Debug|Win32.ActiveCfg = Debug|Win32
		{92E18812-AED2-4879-AECD-0EAE162A76B7}.Debug|Win32.Build.0 = Debug|Win32
		{92E18812-AED2-4879-AECD-0EAE162A76B7}.Release|Win32.ActiveCfg = Release|Win32
		{92E18812-AED2-4879-AECD-0EAE162A76B7}.Release|Win32.Build.0 = Release|Win32
		{BE62ABEE-53D3-43C0-AFE5-69A4287E37E6}.Debug|Win32.ActiveCfg = Debug|Win32
		{BE62ABEE-53D3-43C0-AFE5-69A4287E37E6}.Debug|Win32.Build.0 = Debug|Win32
		{BE62ABEE-53D3-43C0-AFE5-69A4287E37E6}.Release|Win32.ActiveCfg = Release|Win32
		{BE62ABEE-53D3-43C0-AFE5-69A4287E37E6}.Release|Win32.Build.0 = Release|Win32
		{64E0572A-CD2B-4F02-9396-7FC92F16210D}.Debug|Win32.ActiveCfg = Debug|Win32
		{64E0572A-CD2B-4F02-9396-7FC92F16210D}.Debug|Win32.Build.0 = Debug|Win32
		{64E0572A-CD2B-4F02-9396-7FC92F16210D}.Release|Win32.ActiveCfg = Release|Win32
		{64E0572A-CD2B-4F02-9396-7FC92F16210D}.Release|Win32.Build.0 = Release|Win32
		{961D11F5-10BB-402B-9915-250D2EFD7EAD}.Debug|Win32.ActiveCfg = Debug|Win32
		{961D11F5-10BB-402B-9915-250D2EFD7EAD}.Debug|Win32.Build.0 = Debug|Win32
		{961D11F5-10BB-402B-9915-250D2EFD7EAD}.Release|Win32.ActiveCfg = Release|Win32
		{961D11F5-10BB-402B-9915-250D2EFD7EAD}.Release|Win32.Build.0 = Release|Win32
		{4CAAC73F-9698-4213-B46E-D3ABF3C32DC3}.Debug|Win32.ActiveCfg = Debug|Win32
		{4CAAC73F-9698-4213-B46E-D3ABF3C32DC3}.Debug|Win32.Build.0 = Debug|Win32
		{4CAAC73F-9698-4213-B46E-D3ABF3C32DC3}.Release|Win32.ActiveCfg = Release|Win32
		{4CAAC73F-9698-4213-B46E-D3ABF3C32DC3}.Release|Win32.Build.0 = Release|Win32
	EndGlobalSection
	GlobalSection(SolutionProperties) = preSolution
		HideSolutionNode = FALSE
	EndGlobalSection
EndGlobal
